
Microsoft Visual Studio Solution File, Format Version 12.00
# Visual Studio Version 17
VisualStudioVersion = 17.7.34031.279
MinimumVisualStudioVersion = 10.0.40219.1
Project("{FAE04EC0-301F-11D3-BF4B-00C04F79EFBC}") = "Rock_paper_scissors_game", "Rock_paper_scissors_game\Rock_paper_scissors_game.csproj", "{5D46D52A-E129-4864-8F17-669950F16EB4}"
EndProject
Global
	GlobalSection(SolutionConfigurationPlatforms) = preSolution
		Debug|Any CPU = Debug|Any CPU
		Release|Any CPU = Release|Any CPU
	EndGlobalSection
	GlobalSection(ProjectConfigurationPlatforms) = postSolution
		{5D46D52A-E129-4864-8F17-669950F16EB4}.Debug|Any CPU.ActiveCfg = Debug|Any CPU
		{5D46D52A-E129-4864-8F17-669950F16EB4}.Debug|Any CPU.Build.0 = Debug|Any CPU
		{5D46D52A-E129-4864-8F17-669950F16EB4}.Release|Any CPU.ActiveCfg = Release|Any CPU
		{5D46D52A-E129-4864-8F17-669950F16EB4}.Release|Any CPU.Build.0 = Release|Any CPU
	EndGlobalSection
	GlobalSection(SolutionProperties) = preSolution
		HideSolutionNode = FALSE
	EndGlobalSection
	GlobalSection(ExtensibilityGlobals) = postSolution
		SolutionGuid = {88CD7E85-6C7F-4785-891B-02D5FFEB783F}
	EndGlobalSection
EndGlobal
